
Microsoft Visual Studio Solution File, Format Version 12.00
# Visual Studio Version 17
VisualStudioVersion = 17.0.32014.148
MinimumVisualStudioVersion = 10.0.40219.1
Project("{FAE04EC0-301F-11D3-BF4B-00C04F79EFBC}") = "SalesWebMvc", "SalesWebMvc\SalesWebMvc.csproj", "{23510C1E-4C76-410D-A2F7-2BBE1D7B4C1B}"
EndProject
Global
	GlobalSection(SolutionConfigurationPlatforms) = preSolution
		Debug|Any CPU = Debug|Any CPU
		Release|Any CPU = Release|Any CPU
	EndGlobalSection
	GlobalSection(ProjectConfigurationPlatforms) = postSolution
		{23510C1E-4C76-410D-A2F7-2BBE1D7B4C1B}.Debug|Any CPU.ActiveCfg = Debug|Any CPU
		{23510C1E-4C76-410D-A2F7-2BBE1D7B4C1B}.Debug|Any CPU.Build.0 = Debug|Any CPU
		{23510C1E-4C76-410D-A2F7-2BBE1D7B4C1B}.Release|Any CPU.ActiveCfg = Release|Any CPU
		{23510C1E-4C76-410D-A2F7-2BBE1D7B4C1B}.Release|Any CPU.Build.0 = Release|Any CPU
	EndGlobalSection
	GlobalSection(SolutionProperties) = preSolution
		HideSolutionNode = FALSE
	EndGlobalSection
	GlobalSection(ExtensibilityGlobals) = postSolution
		SolutionGuid = {95180C7E-606B-4361-A0AA-C8021746B901}
	EndGlobalSection
EndGlobal
